# This file is automatically @generated by Cargo.
# It is not intended for manual editing.
version = 3

[[package]]
name = "code-gen"
version = "0.1.0"
dependencies = [
 "parser",
 "tokenizer",
 "type-checker",
]

[[package]]
name = "parser"
version = "0.1.0"
dependencies = [
 "tokenizer",
]

[[package]]
name = "sand"
version = "0.1.0"

[[package]]
name = "tokenizer"
version = "0.1.0"

[[package]]
name = "type-checker"
version = "0.1.0"
dependencies = [
 "parser",
 "tokenizer",
]
